<?xml version="1.0" encoding="utf-8"?>
<Project ToolsVersion="4.0" xmlns="http://schemas.microsoft.com/developer/msbuild/2003">
  <ItemGroup>
    <Filter Include="Source Files">
      <UniqueIdentifier>{4FC737F1-C7A5-4376-A066-2A32D752A2FF}</UniqueIdentifier>
      <Extensions>cpp;c;cc;cxx;def;odl;idl;hpj;bat;asm;asmx</Extensions>
    </Filter>
    <Filter Include="Header Files">
      <UniqueIdentifier>{93995380-89BD-4b04-88EB-625FBE52EBFB}</UniqueIdentifier>
      <Extensions>h;hpp;hxx;hm;inl;inc;xsd</Extensions>
    </Filter>
    <Filter Include="Resource Files">
      <UniqueIdentifier>{67DA6AB6-F800-4c08-8B7A-83BB121AAD01}</UniqueIdentifier>
      <Extensions>rc;ico;cur;bmp;dlg;rc2;rct;bin;rgs;gif;jpg;jpeg;jpe;resx;tiff;tif;png;wav</Extensions>
    </Filter>
  </ItemGroup>
  <ItemGroup>
    <ClCompile Include="src\StdAfx.cpp">
      <Filter>Source Files</Filter>
    </ClCompile>
    <ClCompile Include="src\core\JCSocket.cpp">
      <Filter>Source Files</Filter>
    </ClCompile>
    <ClCompile Include="src\core\munin-node.cpp">
      <Filter>Source Files</Filter>
    </ClCompile>
    <ClCompile Include="src\core\MuninNodeClient.cpp">
      <Filter>Source Files</Filter>
    </ClCompile>
    <ClCompile Include="src\core\MuninNodePlugin.cpp">
      <Filter>Source Files</Filter>
    </ClCompile>
    <ClCompile Include="src\core\MuninNodeServer.cpp">
      <Filter>Source Files</Filter>
    </ClCompile>
    <ClCompile Include="src\core\MuninNodeSettings.cpp">
      <Filter>Source Files</Filter>
    </ClCompile>
    <ClCompile Include="src\core\MuninPluginManager.cpp">
      <Filter>Source Files</Filter>
    </ClCompile>
    <ClCompile Include="src\core\Service.cpp">
      <Filter>Source Files</Filter>
    </ClCompile>
    <ClCompile Include="src\core\TString.cpp">
      <Filter>Source Files</Filter>
    </ClCompile>
    <ClCompile Include="src\extra\FirewallInstallHelper.cpp">
      <Filter>Source Files</Filter>
    </ClCompile>
    <ClCompile Include="src\extra\iniFile.cpp">
      <Filter>Source Files</Filter>
    </ClCompile>
    <ClCompile Include="src\extra\registry.cpp">
      <Filter>Source Files</Filter>
    </ClCompile>
    <ClCompile Include="src\extra\verinfo.cpp">
      <Filter>Source Files</Filter>
    </ClCompile>
    <ClCompile Include="src\extra\XEventLog.cpp">
      <Filter>Source Files</Filter>
    </ClCompile>
    <ClCompile Include="src\plugins\PerfCounterMuninNodePlugin.cpp">
      <Filter>Source Files</Filter>
    </ClCompile>
    <ClCompile Include="src\plugins\RegistryMuninNodePlugin.cpp">
      <Filter>Source Files</Filter>
    </ClCompile>
    <ClCompile Include="src\plugins\cpu\CpuMuninNodePlugin.cpp">
      <Filter>Source Files</Filter>
    </ClCompile>
    <ClCompile Include="src\plugins\disk\DiskMuninNodePlugin.cpp">
      <Filter>Source Files</Filter>
    </ClCompile>
    <ClCompile Include="src\plugins\disk\DiskTimeMuninNodePlugin.cpp">
      <Filter>Source Files</Filter>
    </ClCompile>
    <ClCompile Include="src\plugins\disk\HDMuninNodePlugin.cpp">
      <Filter>Source Files</Filter>
    </ClCompile>
    <ClCompile Include="src\plugins\disk\SMARTMuninNodePlugin.cpp">
      <Filter>Source Files</Filter>
    </ClCompile>
    <ClCompile Include="src\plugins\disk\SmartReader.cpp">
      <Filter>Source Files</Filter>
    </ClCompile>
    <ClCompile Include="src\plugins\external\ConsolePipe.cpp">
      <Filter>Source Files</Filter>
    </ClCompile>
    <ClCompile Include="src\plugins\external\ExternalMuninNodePlugin.cpp">
      <Filter>Source Files</Filter>
    </ClCompile>
    <ClCompile Include="src\plugins\mbm\MBMMuninNodePlugin.cpp">
      <Filter>Source Files</Filter>
    </ClCompile>
    <ClCompile Include="src\plugins\memory\MemoryMuninNodePlugin.cpp">
      <Filter>Source Files</Filter>
    </ClCompile>
    <ClCompile Include="src\plugins\network\NetworkMuninNodePlugin.cpp">
      <Filter>Source Files</Filter>
    </ClCompile>
    <ClCompile Include="src\plugins\process\ProcessesMuninNodePlugin.cpp">
      <Filter>Source Files</Filter>
    </ClCompile>
    <ClCompile Include="src\plugins\speedfan\SpeedFanNodePlugin.cpp">
      <Filter>Source Files</Filter>
    </ClCompile>
    <ClCompile Include="src\plugins\uptime\UptimeMuninNodePlugin.cpp">
      <Filter>Source Files</Filter>
    </ClCompile>
  </ItemGroup>
  <ItemGroup>
    <ClInclude Include="resource.h">
      <Filter>Header Files</Filter>
    </ClInclude>
    <ClInclude Include="src\StdAfx.h">
      <Filter>Header Files</Filter>
    </ClInclude>
    <ClInclude Include="src\core\JCSocket.h">
      <Filter>Header Files</Filter>
    </ClInclude>
    <ClInclude Include="src\core\JCThread.h">
      <Filter>Header Files</Filter>
    </ClInclude>
    <ClInclude Include="src\core\MuninNodeClient.h">
      <Filter>Header Files</Filter>
    </ClInclude>
    <ClInclude Include="src\core\MuninNodePlugin.h">
      <Filter>Header Files</Filter>
    </ClInclude>
    <ClInclude Include="src\core\MuninNodeServer.h">
      <Filter>Header Files</Filter>
    </ClInclude>
    <ClInclude Include="src\core\MuninNodeSettings.h">
      <Filter>Header Files</Filter>
    </ClInclude>
    <ClInclude Include="src\core\MuninPluginManager.h">
      <Filter>Header Files</Filter>
    </ClInclude>
    <ClInclude Include="src\core\Service.h">
      <Filter>Header Files</Filter>
    </ClInclude>
    <ClInclude Include="src\core\TString.h">
      <Filter>Header Files</Filter>
    </ClInclude>
    <ClInclude Include="src\extra\FirewallInstallHelper.h">
      <Filter>Header Files</Filter>
    </ClInclude>
    <ClInclude Include="src\extra\iniFile.h">
      <Filter>Header Files</Filter>
    </ClInclude>
    <ClInclude Include="src\extra\registry.h">
      <Filter>Header Files</Filter>
    </ClInclude>
    <ClInclude Include="src\extra\verinfo.h">
      <Filter>Header Files</Filter>
    </ClInclude>
    <ClInclude Include="src\extra\XEventLog.h">
      <Filter>Header Files</Filter>
    </ClInclude>
    <ClInclude Include="src\plugins\PerfCounterMuninNodePlugin.h">
      <Filter>Header Files</Filter>
    </ClInclude>
    <ClInclude Include="src\plugins\RegistryMuninNodePlugin.h">
      <Filter>Header Files</Filter>
    </ClInclude>
    <ClInclude Include="src\plugins\cpu\CpuMuninNodePlugin.h">
      <Filter>Header Files</Filter>
    </ClInclude>
    <ClInclude Include="src\plugins\disk\DiskMuninNodePlugin.h">
      <Filter>Header Files</Filter>
    </ClInclude>
    <ClInclude Include="src\plugins\disk\DiskTimeMuninNodePlugin.h">
      <Filter>Header Files</Filter>
    </ClInclude>
    <ClInclude Include="src\plugins\disk\HDMuninNodePlugin.h">
      <Filter>Header Files</Filter>
    </ClInclude>
    <ClInclude Include="src\plugins\disk\SMARTMuninNodePlugin.h">
      <Filter>Header Files</Filter>
    </ClInclude>
    <ClInclude Include="src\plugins\disk\SmartReader.h">
      <Filter>Header Files</Filter>
    </ClInclude>
    <ClInclude Include="src\plugins\external\consolePipe.h">
      <Filter>Header Files</Filter>
    </ClInclude>
    <ClInclude Include="src\plugins\external\ExternalMuninNodePlugin.h">
      <Filter>Header Files</Filter>
    </ClInclude>
    <ClInclude Include="src\plugins\mbm\mbm.h">
      <Filter>Header Files</Filter>
    </ClInclude>
    <ClInclude Include="src\plugins\mbm\MBMMuninNodePlugin.h">
      <Filter>Header Files</Filter>
    </ClInclude>
    <ClInclude Include="src\plugins\memory\MemoryMuninNodePlugin.h">
      <Filter>Header Files</Filter>
    </ClInclude>
    <ClInclude Include="src\plugins\network\NetworkMuninNodePlugin.h">
      <Filter>Header Files</Filter>
    </ClInclude>
    <ClInclude Include="src\plugins\process\ProcessesMuninNodePlugin.h">
      <Filter>Header Files</Filter>
    </ClInclude>
    <ClInclude Include="src\plugins\speedfan\SpeedFanNodePlugin.h">
      <Filter>Header Files</Filter>
    </ClInclude>
    <ClInclude Include="src\plugins\uptime\UptimeMuninNodePlugin.h">
      <Filter>Header Files</Filter>
    </ClInclude>
  </ItemGroup>
  <ItemGroup>
    <ResourceCompile Include="munin-node.rc">
      <Filter>Resource Files</Filter>
    </ResourceCompile>
  </ItemGroup>
  <ItemGroup>
    <None Include="doc\readme.htm" />
  </ItemGroup>
</Project>