
Microsoft Visual Studio Solution File, Format Version 11.00
# Visual C++ Express 2010
Project("{8BC9CEB8-8B4A-11D0-8D11-00A0C91BC942}") = "munin-node", "munin-node.vcxproj", "{8349983F-86B4-1312-5BC8-1AD994F9FF55}"
EndProject
Project("{8BC9CEB8-8B4A-11D0-8D11-00A0C91BC942}") = "PdhTests", "contrib\PdhTests\PdhTests.vcxproj", "{744C65FC-9C33-4F8A-A2FD-252FD761EE9E}"
EndProject
Global
	GlobalSection(SolutionConfigurationPlatforms) = preSolution
		Debug|Win32 = Debug|Win32
		Release|Win32 = Release|Win32
	EndGlobalSection
	GlobalSection(ProjectConfigurationPlatforms) = postSolution
		{8349983F-86B4-1312-5BC8-1AD994F9FF55}.Debug|Win32.ActiveCfg = Debug|Win32
		{8349983F-86B4-1312-5BC8-1AD994F9FF55}.Debug|Win32.Build.0 = Debug|Win32
		{8349983F-86B4-1312-5BC8-1AD994F9FF55}.Release|Win32.ActiveCfg = Release|Win32
		{8349983F-86B4-1312-5BC8-1AD994F9FF55}.Release|Win32.Build.0 = Release|Win32
		{744C65FC-9C33-4F8A-A2FD-252FD761EE9E}.Debug|Win32.ActiveCfg = Debug|Win32
		{744C65FC-9C33-4F8A-A2FD-252FD761EE9E}.Debug|Win32.Build.0 = Debug|Win32
		{744C65FC-9C33-4F8A-A2FD-252FD761EE9E}.Release|Win32.ActiveCfg = Release|Win32
		{744C65FC-9C33-4F8A-A2FD-252FD761EE9E}.Release|Win32.Build.0 = Release|Win32
	EndGlobalSection
	GlobalSection(SolutionProperties) = preSolution
		HideSolutionNode = FALSE
	EndGlobalSection
EndGlobal
